version = 1
revision = 3
requires-python = ">=3.14"

[[package]]
name = "debugpy"
version = "1.8.22"
source = { registry = "https://mirrors.tuna.tsinghua.edu.cn/pypi/web/simple/" }
sdist = { url = "https://mirrors.tuna.tsinghua.edu.cn/pypi/web/packages/44/9d/3cb6693342acf96802dba89934a5b8da43c201d764ebd1f2c0514a3d42bd/debugpy-1.8.22.tar.gz", hash = "sha256:e489c7268e1c7b41e13b438d9c533d2a7af73fb59bf8cd30fead8286c1c39c4e", size = 1710877, upload-time = "2026-09-15T21:44:02.578Z" }
wheels = [
    { url = "https://mirrors.tuna.tsinghua.edu.cn/pypi/web/packages/ea/95/d97240bb68b86db8d0a07602be068aae9e50f17063d696a4c6f619975311/debugpy-1.8.22-cp314-cp314-macosx_15_0_universal2.whl", hash = "sha256:e6744ac1850c73c2ba7b29a126cf9ab74efd1831190720e8fee17ef5389c8f5d", size = 2493148, upload-time = "2026-09-15T21:44:32.518Z" },
    { url = "https://mirrors.tuna.tsinghua.edu.cn/pypi/web/packages/70/9e/994fe1fb23dd4a5a8d059a0dc95da4b0821907200a61c2d5a4fdc21b6cf8/debugpy-1.8.22-cp314-cp314-manylinux_2_34_x86_64.whl", hash = "sha256:0c1104233340196e5cbf5514e7dfdbb98968e730cfd7fdd6f3d72a082be838a9", size = 3961025, upload-time = "2026-09-15T21:44:34.387Z" },
    { url = "https://mirrors.tuna.tsinghua.edu.cn/pypi/web/packages/37/e0/66319918883cf6dd6dea3805210c3cafd9e65dfaa6f8b852482cff10a026/debugpy-1.8.22-cp314-cp314-win32.whl", hash = "sha256:feea785c7bbeb8cfd5b01a63f9061c899dc468c8be81671141a29305774fa294", size = 5359408, upload-time = "2026-09-15T21:44:36.128Z" },
    { url = "https://mirrors.tuna.tsinghua.edu.cn/pypi/web/packages/94/53/5b4d91f7fffb9393ac907133201d1da0c070d57e463ee8e2ec1db3cb63b6/debugpy-1.8.22-cp314-cp314-win_amd64.whl", hash = "sha256:d593a330297332ec435f3965c448b6d500e03f33675cf2063178bc76377a788e", size = 5397429, upload-time = "2026-09-15T21:44:38.429Z" },
    { url = "https://mirrors.tuna.tsinghua.edu.cn/pypi/web/packages/24/71/580df4aed96c9b23c9cbb049907d8ac1347050afdb8f450df20649d51578/debugpy-1.8.22-cp315-cp315-macosx_15_0_universal2.whl", hash = "sha256:a9eca6ab09a61534e923064400081e016f7e1d8430cc6e8b7a9cecd2f59e2b07", size = 2493380, upload-time = "2026-09-15T21:44:40.074Z" },
    { url = "https://mirrors.tuna.tsinghua.edu.cn/pypi/web/packages/b0/10/a323945b0966e560c40fe48470d2847bfc7692a8f550d7086e9a28f5b623/debugpy-1.8.22-cp315-cp315-manylinux_2_34_x86_64.whl", hash = "sha256:b7dbde1fb822d100802d505b2aed6d0813b1a0a2015d495cb8798b2215d5d1e5", size = 3975456, upload-time = "2026-09-15T21:44:41.623Z" },
    { url = "https://mirrors.tuna.tsinghua.edu.cn/pypi/web/packages/ef/f9/4383635281999c3eaa44bf327de523ba42240b35eb87c1130adac4a829c6/debugpy-1.8.22-cp315-cp315-win32.whl", hash = "sha256:225d063f81708c2546999e7edfac0198b2d5c2f144797dc64858f867948633e0", size = 5359469, upload-time = "2026-09-15T21:44:43.234Z" },
    { url = "https://mirrors.tuna.tsinghua.edu.cn/pypi/web/packages/7b/14/4fe9f46a9c825c8cbc6dc4aebc2a885b0bceb37ce2a37699c170482e7a40/debugpy-1.8.22-cp315-cp315-win_amd64.whl", hash = "sha256:b17a4896520f1c6da09ce76ec8215df0b85b0b6f3617526a4c65c2315340875a", size = 5397869, upload-time = "2026-09-15T21:44:44.783Z" },
    { url = "https://mirrors.tuna.tsinghua.edu.cn/pypi/web/packages/56/3d/c7dc9f35bc9e22cdb53679f844bee40fd5cff871862f60595869a433400d/debugpy-1.8.22-py2.py3-none-any.whl", hash = "sha256:a9e9d3550e15ca479c59333e90845029190531f0cacfedab3b815a57bd913947", size = 5374857, upload-time = "2026-09-15T21:44:54.454Z" },
]

[[package]]
name = "sample-project"
version = "0.1.0"
source = { editable = "." }

[package.dev-dependencies]
dev = [
    { name = "debugpy" },
]

[package.metadata]

[package.metadata.requires-dev]
dev = [{ name = "debugpy", specifier = ">=1.8.22" }]
